// !$*UTF8*$!
{
	archiveVersion = 1;
	classes = {
	};
	objectVersion = 77;
	objects = {

/* Begin PBXContainerItemProxy section */
		EA2E177E2E27A326004F8552 /* PBXContainerItemProxy */ = {
			isa = PBXContainerItemProxy;
			containerPortal = EA2E17202E279D39004F8552 /* Project object */;
			proxyType = 1;
			remoteGlobalIDString = EA2E176D2E27A324004F8552;
			remoteInfo = JiraTodoMac;
		};
		EA2E17882E27A326004F8552 /* PBXContainerItemProxy */ = {
			isa = PBXContainerItemProxy;
			containerPortal = EA2E17202E279D39004F8552 /* Project object */;
			proxyType = 1;
			remoteGlobalIDString = EA2E176D2E27A324004F8552;
			remoteInfo = JiraTodoMac;
		};
/* End PBXContainerItemProxy section */

/* Begin PBXFileReference section */
		EA2E176E2E27A324004F8552 /* JiraTodoMac.app */ = {isa = PBXFileReference; explicitFileType = wrapper.application; includeInIndex = 0; path = JiraTodoMac.app; sourceTree = BUILT_PRODUCTS_DIR; };
		EA2E177D2E27A326004F8552 /* JiraTodoMacTests.xctest */ = {isa = PBXFileReference; explicitFileType = wrapper.cfbundle; includeInIndex = 0; path = JiraTodoMacTests.xctest; sourceTree = BUILT_PRODUCTS_DIR; };
		EA2E17872E27A326004F8552 /* JiraTodoMacUITests.xctest */ = {isa = PBXFileReference; explicitFileType = wrapper.cfbundle; includeInIndex = 0; path = JiraTodoMacUITests.xctest; sourceTree = BUILT_PRODUCTS_DIR; };
/* End PBXFileReference section */

/* Begin PBXFileSystemSynchronizedRootGroup section */
		EA2E176F2E27A324004F8552 /* JiraTodoMac */ = {
			isa = PBXFileSystemSynchronizedRootGroup;
			path = JiraTodoMac;
			sourceTree = "<group>";
		};
		EA2E17802E27A326004F8552 /* JiraTodoMacTests */ = {
			isa = PBXFileSystemSynchronizedRootGroup;
			path = JiraTodoMacTests;
			sourceTree = "<group>";
		};
		EA2E178A2E27A326004F8552 /* JiraTodoMacUITests */ = {
			isa = PBXFileSystemSynchronizedRootGroup;
			path = JiraTodoMacUITests;
			sourceTree = "<group>";
		};
/* End PBXFileSystemSynchronizedRootGroup section */

/* Begin PBXFrameworksBuildPhase section */
		EA2E176B2E27A324004F8552 /* Frameworks */ = {
			isa = PBXFrameworksBuildPhase;
			buildActionMask = 2147483647;
			files = (
			);
			runOnlyForDeploymentPostprocessing = 0;
		};
		EA2E177A2E27A326004F8552 /* Frameworks */ = {
			isa = PBXFrameworksBuildPhase;
			buildActionMask = 2147483647;
			files = (
			);
			runOnlyForDeploymentPostprocessing = 0;
		};
		EA2E17842E27A326004F8552 /* Frameworks */ = {
			isa = PBXFrameworksBuildPhase;
			buildActionMask = 2147483647;
			files = (
			);
			runOnlyForDeploymentPostprocessing = 0;
		};
/* End PBXFrameworksBuildPhase section */

/* Begin PBXGroup section */
		EA2E171F2E279D39004F8552 = {
			isa = PBXGroup;
			children = (
				EA2E176F2E27A324004F8552 /* JiraTodoMac */,
				EA2E17802E27A326004F8552 /* JiraTodoMacTests */,
				EA2E178A2E27A326004F8552 /* JiraTodoMacUITests */,
				EA2E17292E279D39004F8552 /* Products */,
			);
			sourceTree = "<group>";
		};
		EA2E17292E279D39004F8552 /* Products */ = {
			isa = PBXGroup;
			children = (
				EA2E176E2E27A324004F8552 /* JiraTodoMac.app */,
				EA2E177D2E27A326004F8552 /* JiraTodoMacTests.xctest */,
				EA2E17872E27A326004F8552 /* JiraTodoMacUITests.xctest */,
			);
			name = Products;
			sourceTree = "<group>";
		};
/* End PBXGroup section */

/* Begin PBXNativeTarget section */
		EA2E176D2E27A324004F8552 /* JiraTodoMac */ = {
			isa = PBXNativeTarget;
			buildConfigurationList = EA2E178F2E27A326004F8552 /* Build configuration list for PBXNativeTarget "JiraTodoMac" */;
			buildPhases = (
				EA2E176A2E27A324004F8552 /* Sources */,
				EA2E176B2E27A324004F8552 /* Frameworks */,
				EA2E176C2E27A324004F8552 /* Resources */,
			);
			buildRules = (
			);
			dependencies = (
			);
			fileSystemSynchronizedGroups = (
				EA2E176F2E27A324004F8552 /* JiraTodoMac */,
			);
			name = JiraTodoMac;
			packageProductDependencies = (
			);
			productName = JiraTodoMac;
			productReference = EA2E176E2E27A324004F8552 /* JiraTodoMac.app */;
			productType = "com.apple.product-type.application";
		};
		EA2E177C2E27A326004F8552 /* JiraTodoMacTests */ = {
			isa = PBXNativeTarget;
			buildConfigurationList = EA2E17922E27A326004F8552 /* Build configuration list for PBXNativeTarget "JiraTodoMacTests" */;
			buildPhases = (
				EA2E17792E27A326004F8552 /* Sources */,
				EA2E177A2E27A326004F8552 /* Frameworks */,
				EA2E177B2E27A326004F8552 /* Resources */,
			);
			buildRules = (
			);
			dependencies = (
				EA2E177F2E27A326004F8552 /* PBXTargetDependency */,
			);
			fileSystemSynchronizedGroups = (
				EA2E17802E27A326004F8552 /* JiraTodoMacTests */,
			);
			name = JiraTodoMacTests;
			packageProductDependencies = (
			);
			productName = JiraTodoMacTests;
			productReference = EA2E177D2E27A326004F8552 /* JiraTodoMacTests.xctest */;
			productType = "com.apple.product-type.bundle.unit-test";
		};
		EA2E17862E27A326004F8552 /* JiraTodoMacUITests */ = {
			isa = PBXNativeTarget;
			buildConfigurationList = EA2E17952E27A326004F8552 /* Build configuration list for PBXNativeTarget "JiraTodoMacUITests" */;
			buildPhases = (
				EA2E17832E27A326004F8552 /* Sources */,
				EA2E17842E27A326004F8552 /* Frameworks */,
				EA2E17852E27A326004F8552 /* Resources */,
			);
			buildRules = (
			);
			dependencies = (
				EA2E17892E27A326004F8552 /* PBXTargetDependency */,
			);
			fileSystemSynchronizedGroups = (
				EA2E178A2E27A326004F8552 /* JiraTodoMacUITests */,
			);
			name = JiraTodoMacUITests;
			packageProductDependencies = (
			);
			productName = JiraTodoMacUITests;
			productReference = EA2E17872E27A326004F8552 /* JiraTodoMacUITests.xctest */;
			productType = "com.apple.product-type.bundle.ui-testing";
		};
/* End PBXNativeTarget section */

/* Begin PBXProject section */
		EA2E17202E279D39004F8552 /* Project object */ = {
			isa = PBXProject;
			attributes = {
				BuildIndependentTargetsInParallel = 1;
				LastSwiftUpdateCheck = 1630;
				LastUpgradeCheck = 1630;
				TargetAttributes = {
					EA2E176D2E27A324004F8552 = {
						CreatedOnToolsVersion = 16.3;
					};
					EA2E177C2E27A326004F8552 = {
						CreatedOnToolsVersion = 16.3;
						TestTargetID = EA2E176D2E27A324004F8552;
					};
					EA2E17862E27A326004F8552 = {
						CreatedOnToolsVersion = 16.3;
						TestTargetID = EA2E176D2E27A324004F8552;
					};
				};
			};
			buildConfigurationList = EA2E17232E279D39004F8552 /* Build configuration list for PBXProject "JiraTodo" */;
			developmentRegion = en;
			hasScannedForEncodings = 0;
			knownRegions = (
				en,
				Base,
			);
			mainGroup = EA2E171F2E279D39004F8552;
			minimizedProjectReferenceProxies = 1;
			preferredProjectObjectVersion = 77;
			productRefGroup = EA2E17292E279D39004F8552 /* Products */;
			projectDirPath = "";
			projectRoot = "";
			targets = (
				EA2E176D2E27A324004F8552 /* JiraTodoMac */,
				EA2E177C2E27A326004F8552 /* JiraTodoMacTests */,
				EA2E17862E27A326004F8552 /* JiraTodoMacUITests */,
			);
		};
/* End PBXProject section */

/* Begin PBXResourcesBuildPhase section */
		EA2E176C2E27A324004F8552 /* Resources */ = {
			isa = PBXResourcesBuildPhase;
			buildActionMask = 2147483647;
			files = (
			);
			runOnlyForDeploymentPostprocessing = 0;
		};
		EA2E177B2E27A326004F8552 /* Resources */ = {
			isa = PBXResourcesBuildPhase;
			buildActionMask = 2147483647;
			files = (
			);
			runOnlyForDeploymentPostprocessing = 0;
		};
		EA2E17852E27A326004F8552 /* Resources */ = {
			isa = PBXResourcesBuildPhase;
			buildActionMask = 2147483647;
			files = (
			);
			runOnlyForDeploymentPostprocessing = 0;
		};
/* End PBXResourcesBuildPhase section */

/* Begin PBXSourcesBuildPhase section */
		EA2E176A2E27A324004F8552 /* Sources */ = {
			isa = PBXSourcesBuildPhase;
			buildActionMask = 2147483647;
			files = (
			);
			runOnlyForDeploymentPostprocessing = 0;
		};
		EA2E17792E27A326004F8552 /* Sources */ = {
			isa = PBXSourcesBuildPhase;
			buildActionMask = 2147483647;
			files = (
			);
			runOnlyForDeploymentPostprocessing = 0;
		};
		EA2E17832E27A326004F8552 /* Sources */ = {
			isa = PBXSourcesBuildPhase;
			buildActionMask = 2147483647;
			files = (
			);
			runOnlyForDeploymentPostprocessing = 0;
		};
/* End PBXSourcesBuildPhase section */

/* Begin PBXTargetDependency section */
		EA2E177F2E27A326004F8552 /* PBXTargetDependency */ = {
			isa = PBXTargetDependency;
			target = EA2E176D2E27A324004F8552 /* JiraTodoMac */;
			targetProxy = EA2E177E2E27A326004F8552 /* PBXContainerItemProxy */;
		};
		EA2E17892E27A326004F8552 /* PBXTargetDependency */ = {
			isa = PBXTargetDependency;
			target = EA2E176D2E27A324004F8552 /* JiraTodoMac */;
			targetProxy = EA2E17882E27A326004F8552 /* PBXContainerItemProxy */;
		};
/* End PBXTargetDependency section */

/* Begin XCBuildConfiguration section */
		EA2E17492E279D3A004F8552 /* Debug */ = {
			isa = XCBuildConfiguration;
			buildSettings = {
				ALWAYS_SEARCH_USER_PATHS = NO;
				ASSETCATALOG_COMPILER_GENERATE_SWIFT_ASSET_SYMBOL_EXTENSIONS = YES;
				CLANG_ANALYZER_NONNULL = YES;
				CLANG_ANALYZER_NUMBER_OBJECT_CONVERSION = YES_AGGRESSIVE;
				CLANG_CXX_LANGUAGE_STANDARD = "gnu++20";
				CLANG_ENABLE_MODULES = YES;
				CLANG_ENABLE_OBJC_ARC = YES;
				CLANG_ENABLE_OBJC_WEAK = YES;
				CLANG_WARN_BLOCK_CAPTURE_AUTORELEASING = YES;
				CLANG_WARN_BOOL_CONVERSION = YES;
				CLANG_WARN_COMMA = YES;
				CLANG_WARN_CONSTANT_CONVERSION = YES;
				CLANG_WARN_DEPRECATED_OBJC_IMPLEMENTATIONS = YES;
				CLANG_WARN_DIRECT_OBJC_ISA_USAGE = YES_ERROR;
				CLANG_WARN_DOCUMENTATION_COMMENTS = YES;
				CLANG_WARN_EMPTY_BODY = YES;
				CLANG_WARN_ENUM_CONVERSION = YES;
				CLANG_WARN_INFINITE_RECURSION = YES;
				CLANG_WARN_INT_CONVERSION = YES;
				CLANG_WARN_NON_LITERAL_NULL_CONVERSION = YES;
				CLANG_WARN_OBJC_IMPLICIT_RETAIN_SELF = YES;
				CLANG_WARN_OBJC_LITERAL_CONVERSION = YES;
				CLANG_WARN_OBJC_ROOT_CLASS = YES_ERROR;
				CLANG_WARN_QUOTED_INCLUDE_IN_FRAMEWORK_HEADER = YES;
				CLANG_WARN_RANGE_LOOP_ANALYSIS = YES;
				CLANG_WARN_STRICT_PROTOTYPES = YES;
				CLANG_WARN_SUSPICIOUS_MOVE = YES;
				CLANG_WARN_UNGUARDED_AVAILABILITY = YES_AGGRESSIVE;
				CLANG_WARN_UNREACHABLE_CODE = YES;
				CLANG_WARN__DUPLICATE_METHOD_MATCH = YES;
				COPY_PHASE_STRIP = NO;
				DEBUG_INFORMATION_FORMAT = dwarf;
				DEVELOPMENT_TEAM = M42R572D95;
				ENABLE_STRICT_OBJC_MSGSEND = YES;
				ENABLE_TESTABILITY = YES;
				ENABLE_USER_SCRIPT_SANDBOXING = YES;
				GCC_C_LANGUAGE_STANDARD = gnu17;
				GCC_DYNAMIC_NO_PIC = NO;
				GCC_NO_COMMON_BLOCKS = YES;
				GCC_OPTIMIZATION_LEVEL = 0;
				GCC_PREPROCESSOR_DEFINITIONS = (
					"DEBUG=1",
					"$(inherited)",
				);
				GCC_WARN_64_TO_32_BIT_CONVERSION = YES;
				GCC_WARN_ABOUT_RETURN_TYPE = YES_ERROR;
				GCC_WARN_UNDECLARED_SELECTOR = YES;
				GCC_WARN_UNINITIALIZED_AUTOS = YES_AGGRESSIVE;
				GCC_WARN_UNUSED_FUNCTION = YES;
				GCC_WARN_UNUSED_VARIABLE = YES;
				IPHONEOS_DEPLOYMENT_TARGET = 18.4;
				LOCALIZATION_PREFERS_STRING_CATALOGS = YES;
				MTL_ENABLE_DEBUG_INFO = INCLUDE_SOURCE;
				MTL_FAST_MATH = YES;
				ONLY_ACTIVE_ARCH = YES;
				SDKROOT = iphoneos;
				SWIFT_ACTIVE_COMPILATION_CONDITIONS = "DEBUG $(inherited)";
				SWIFT_OPTIMIZATION_LEVEL = "-Onone";
			};
			name = Debug;
		};
		EA2E174A2E279D3A004F8552 /* Release */ = {
			isa = XCBuildConfiguration;
			buildSettings = {
				ALWAYS_SEARCH_USER_PATHS = NO;
				ASSETCATALOG_COMPILER_GENERATE_SWIFT_ASSET_SYMBOL_EXTENSIONS = YES;
				CLANG_ANALYZER_NONNULL = YES;
				CLANG_ANALYZER_NUMBER_OBJECT_CONVERSION = YES_AGGRESSIVE;
				CLANG_CXX_LANGUAGE_STANDARD = "gnu++20";
				CLANG_ENABLE_MODULES = YES;
				CLANG_ENABLE_OBJC_ARC = YES;
				CLANG_ENABLE_OBJC_WEAK = YES;
				CLANG_WARN_BLOCK_CAPTURE_AUTORELEASING = YES;
				CLANG_WARN_BOOL_CONVERSION = YES;
				CLANG_WARN_COMMA = YES;
				CLANG_WARN_CONSTANT_CONVERSION = YES;
				CLANG_WARN_DEPRECATED_OBJC_IMPLEMENTATIONS = YES;
				CLANG_WARN_DIRECT_OBJC_ISA_USAGE = YES_ERROR;
				CLANG_WARN_DOCUMENTATION_COMMENTS = YES;
				CLANG_WARN_EMPTY_BODY = YES;
				CLANG_WARN_ENUM_CONVERSION = YES;
				CLANG_WARN_INFINITE_RECURSION = YES;
				CLANG_WARN_INT_CONVERSION = YES;
				CLANG_WARN_NON_LITERAL_NULL_CONVERSION = YES;
				CLANG_WARN_OBJC_IMPLICIT_RETAIN_SELF = YES;
				CLANG_WARN_OBJC_LITERAL_CONVERSION = YES;
				CLANG_WARN_OBJC_ROOT_CLASS = YES_ERROR;
				CLANG_WARN_QUOTED_INCLUDE_IN_FRAMEWORK_HEADER = YES;
				CLANG_WARN_RANGE_LOOP_ANALYSIS = YES;
				CLANG_WARN_STRICT_PROTOTYPES = YES;
				CLANG_WARN_SUSPICIOUS_MOVE = YES;
				CLANG_WARN_UNGUARDED_AVAILABILITY = YES_AGGRESSIVE;
				CLANG_WARN_UNREACHABLE_CODE = YES;
				CLANG_WARN__DUPLICATE_METHOD_MATCH = YES;
				COPY_PHASE_STRIP = NO;
				DEBUG_INFORMATION_FORMAT = "dwarf-with-dsym";
				DEVELOPMENT_TEAM = M42R572D95;
				ENABLE_NS_ASSERTIONS = NO;
				ENABLE_STRICT_OBJC_MSGSEND = YES;
				ENABLE_USER_SCRIPT_SANDBOXING = YES;
				GCC_C_LANGUAGE_STANDARD = gnu17;
				GCC_NO_COMMON_BLOCKS = YES;
				GCC_WARN_64_TO_32_BIT_CONVERSION = YES;
				GCC_WARN_ABOUT_RETURN_TYPE = YES_ERROR;
				GCC_WARN_UNDECLARED_SELECTOR = YES;
				GCC_WARN_UNINITIALIZED_AUTOS = YES_AGGRESSIVE;
				GCC_WARN_UNUSED_FUNCTION = YES;
				GCC_WARN_UNUSED_VARIABLE = YES;
				IPHONEOS_DEPLOYMENT_TARGET = 18.4;
				LOCALIZATION_PREFERS_STRING_CATALOGS = YES;
				MTL_ENABLE_DEBUG_INFO = NO;
				MTL_FAST_MATH = YES;
				SDKROOT = iphoneos;
				SWIFT_COMPILATION_MODE = wholemodule;
				VALIDATE_PRODUCT = YES;
			};
			name = Release;
		};
		EA2E17902E27A326004F8552 /* Debug */ = {
			isa = XCBuildConfiguration;
			buildSettings = {
				ASSETCATALOG_COMPILER_APPICON_NAME = AppIcon;
				ASSETCATALOG_COMPILER_GLOBAL_ACCENT_COLOR_NAME = AccentColor;
				CODE_SIGN_ENTITLEMENTS = JiraTodoMac/JiraTodoMac.entitlements;
				CODE_SIGN_STYLE = Automatic;
				COMBINE_HIDPI_IMAGES = YES;
				CURRENT_PROJECT_VERSION = 1;
				DEVELOPMENT_TEAM = M42R572D95;
				ENABLE_HARDENED_RUNTIME = YES;
				ENABLE_PREVIEWS = YES;
				GENERATE_INFOPLIST_FILE = YES;
				INFOPLIST_KEY_NSHumanReadableCopyright = "";
				LD_RUNPATH_SEARCH_PATHS = (
					"$(inherited)",
					"@executable_path/../Frameworks",
				);
				MACOSX_DEPLOYMENT_TARGET = 15.4;
				MARKETING_VERSION = 1.0;
				PRODUCT_BUNDLE_IDENTIFIER = com.husseini.JiraTodoMac;
				PRODUCT_NAME = "$(TARGET_NAME)";
				REGISTER_APP_GROUPS = YES;
				SDKROOT = macosx;
				SWIFT_EMIT_LOC_STRINGS = YES;
				SWIFT_VERSION = 5.0;
			};
			name = Debug;
		};
		EA2E17912E27A326004F8552 /* Release */ = {
			isa = XCBuildConfiguration;
			buildSettings = {
				ASSETCATALOG_COMPILER_APPICON_NAME = AppIcon;
				ASSETCATALOG_COMPILER_GLOBAL_ACCENT_COLOR_NAME = AccentColor;
				CODE_SIGN_ENTITLEMENTS = JiraTodoMac/JiraTodoMac.entitlements;
				CODE_SIGN_STYLE = Automatic;
				COMBINE_HIDPI_IMAGES = YES;
				CURRENT_PROJECT_VERSION = 1;
				DEVELOPMENT_TEAM = M42R572D95;
				ENABLE_HARDENED_RUNTIME = YES;
				ENABLE_PREVIEWS = YES;
				GENERATE_INFOPLIST_FILE = YES;
				INFOPLIST_KEY_NSHumanReadableCopyright = "";
				LD_RUNPATH_SEARCH_PATHS = (
					"$(inherited)",
					"@executable_path/../Frameworks",
				);
				MACOSX_DEPLOYMENT_TARGET = 15.4;
				MARKETING_VERSION = 1.0;
				PRODUCT_BUNDLE_IDENTIFIER = com.husseini.JiraTodoMac;
				PRODUCT_NAME = "$(TARGET_NAME)";
				REGISTER_APP_GROUPS = YES;
				SDKROOT = macosx;
				SWIFT_EMIT_LOC_STRINGS = YES;
				SWIFT_VERSION = 5.0;
			};
			name = Release;
		};
		EA2E17932E27A326004F8552 /* Debug */ = {
			isa = XCBuildConfiguration;
			buildSettings = {
				BUNDLE_LOADER = "$(TEST_HOST)";
				CODE_SIGN_STYLE = Automatic;
				CURRENT_PROJECT_VERSION = 1;
				DEVELOPMENT_TEAM = M42R572D95;
				GENERATE_INFOPLIST_FILE = YES;
				MACOSX_DEPLOYMENT_TARGET = 15.4;
				MARKETING_VERSION = 1.0;
				PRODUCT_BUNDLE_IDENTIFIER = com.husseini.JiraTodoMacTests;
				PRODUCT_NAME = "$(TARGET_NAME)";
				SDKROOT = macosx;
				SWIFT_EMIT_LOC_STRINGS = NO;
				SWIFT_VERSION = 5.0;
				TEST_HOST = "$(BUILT_PRODUCTS_DIR)/JiraTodoMac.app/$(BUNDLE_EXECUTABLE_FOLDER_PATH)/JiraTodoMac";
			};
			name = Debug;
		};
		EA2E17942E27A326004F8552 /* Release */ = {
			isa = XCBuildConfiguration;
			buildSettings = {
				BUNDLE_LOADER = "$(TEST_HOST)";
				CODE_SIGN_STYLE = Automatic;
				CURRENT_PROJECT_VERSION = 1;
				DEVELOPMENT_TEAM = M42R572D95;
				GENERATE_INFOPLIST_FILE = YES;
				MACOSX_DEPLOYMENT_TARGET = 15.4;
				MARKETING_VERSION = 1.0;
				PRODUCT_BUNDLE_IDENTIFIER = com.husseini.JiraTodoMacTests;
				PRODUCT_NAME = "$(TARGET_NAME)";
				SDKROOT = macosx;
				SWIFT_EMIT_LOC_STRINGS = NO;
				SWIFT_VERSION = 5.0;
				TEST_HOST = "$(BUILT_PRODUCTS_DIR)/JiraTodoMac.app/$(BUNDLE_EXECUTABLE_FOLDER_PATH)/JiraTodoMac";
			};
			name = Release;
		};
		EA2E17962E27A326004F8552 /* Debug */ = {
			isa = XCBuildConfiguration;
			buildSettings = {
				CODE_SIGN_STYLE = Automatic;
				CURRENT_PROJECT_VERSION = 1;
				DEVELOPMENT_TEAM = M42R572D95;
				GENERATE_INFOPLIST_FILE = YES;
				MACOSX_DEPLOYMENT_TARGET = 15.4;
				MARKETING_VERSION = 1.0;
				PRODUCT_BUNDLE_IDENTIFIER = com.husseini.JiraTodoMacUITests;
				PRODUCT_NAME = "$(TARGET_NAME)";
				SDKROOT = macosx;
				SWIFT_EMIT_LOC_STRINGS = NO;
				SWIFT_VERSION = 5.0;
				TEST_TARGET_NAME = JiraTodoMac;
			};
			name = Debug;
		};
		EA2E17972E27A326004F8552 /* Release */ = {
			isa = XCBuildConfiguration;
			buildSettings = {
				CODE_SIGN_STYLE = Automatic;
				CURRENT_PROJECT_VERSION = 1;
				DEVELOPMENT_TEAM = M42R572D95;
				GENERATE_INFOPLIST_FILE = YES;
				MACOSX_DEPLOYMENT_TARGET = 15.4;
				MARKETING_VERSION = 1.0;
				PRODUCT_BUNDLE_IDENTIFIER = com.husseini.JiraTodoMacUITests;
				PRODUCT_NAME = "$(TARGET_NAME)";
				SDKROOT = macosx;
				SWIFT_EMIT_LOC_STRINGS = NO;
				SWIFT_VERSION = 5.0;
				TEST_TARGET_NAME = JiraTodoMac;
			};
			name = Release;
		};
/* End XCBuildConfiguration section */

/* Begin XCConfigurationList section */
		EA2E17232E279D39004F8552 /* Build configuration list for PBXProject "JiraTodo" */ = {
			isa = XCConfigurationList;
			buildConfigurations = (
				EA2E17492E279D3A004F8552 /* Debug */,
				EA2E174A2E279D3A004F8552 /* Release */,
			);
			defaultConfigurationIsVisible = 0;
			defaultConfigurationName = Release;
		};
		EA2E178F2E27A326004F8552 /* Build configuration list for PBXNativeTarget "JiraTodoMac" */ = {
			isa = XCConfigurationList;
			buildConfigurations = (
				EA2E17902E27A326004F8552 /* Debug */,
				EA2E17912E27A326004F8552 /* Release */,
			);
			defaultConfigurationIsVisible = 0;
			defaultConfigurationName = Release;
		};
		EA2E17922E27A326004F8552 /* Build configuration list for PBXNativeTarget "JiraTodoMacTests" */ = {
			isa = XCConfigurationList;
			buildConfigurations = (
				EA2E17932E27A326004F8552 /* Debug */,
				EA2E17942E27A326004F8552 /* Release */,
			);
			defaultConfigurationIsVisible = 0;
			defaultConfigurationName = Release;
		};
		EA2E17952E27A326004F8552 /* Build configuration list for PBXNativeTarget "JiraTodoMacUITests" */ = {
			isa = XCConfigurationList;
			buildConfigurations = (
				EA2E17962E27A326004F8552 /* Debug */,
				EA2E17972E27A326004F8552 /* Release */,
			);
			defaultConfigurationIsVisible = 0;
			defaultConfigurationName = Release;
		};
/* End XCConfigurationList section */
	};
	rootObject = EA2E17202E279D39004F8552 /* Project object */;
}
